
Microsoft Visual Studio Solution File, Format Version 12.00
# Visual Studio Version 17
VisualStudioVersion = 17.0.31903.59
MinimumVisualStudioVersion = 10.0.40219.1
Project("{2150E333-8FDC-42A3-9474-1A3956D46DE8}") = "engine", "engine", "{29011A2E-34D3-468C-AA6F-C5AD5597970D}"
EndProject
Project("{FAE04EC0-301F-11D3-BF4B-00C04F79EFBC}") = "BenchPress.TestEngine", "engine\BenchPress.TestEngine\BenchPress.TestEngine.csproj", "{19C5E14A-FCA3-4335-A25C-D6DA88BE3099}"
EndProject
Project("{FAE04EC0-301F-11D3-BF4B-00C04F79EFBC}") = "BenchPress.TestEngine.Tests", "engine\BenchPress.TestEngine.Tests\BenchPress.TestEngine.Tests.csproj", "{AD2CE189-AB17-4B0E-A01A-DE8B14280C6C}"
EndProject
Project("{2150E333-8FDC-42A3-9474-1A3956D46DE8}") = "framework", "framework", "{37AC63C5-5039-4217-8170-80C7AF5831B3}"
EndProject
Project("{2150E333-8FDC-42A3-9474-1A3956D46DE8}") = "dotnet", "dotnet", "{8223C874-C45A-4ABE-A340-893ED768661C}"
EndProject
Project("{FAE04EC0-301F-11D3-BF4B-00C04F79EFBC}") = "BenchPress.TestFramework", "framework\dotnet\BenchPress.TestFramework\BenchPress.TestFramework.csproj", "{B7C203B4-865B-4D63-B3D3-8A90990AC13A}"
EndProject
Project("{FAE04EC0-301F-11D3-BF4B-00C04F79EFBC}") = "BenchPress.TestFramework.Tests", "framework\dotnet\BenchPress.TestFramework.Tests\BenchPress.TestFramework.Tests.csproj", "{B1BC5E2E-2694-4E49-908A-F9CBD387DD89}"
EndProject
Project("{2150E333-8FDC-42A3-9474-1A3956D46DE8}") = "samples", "samples", "{BEBFA54D-228E-49F8-87F0-27D50FF25743}"
EndProject
Project("{2150E333-8FDC-42A3-9474-1A3956D46DE8}") = "dotnet", "dotnet", "{4596A437-B726-43F7-AAD2-89BE5ECAECFB}"
EndProject
Project("{FAE04EC0-301F-11D3-BF4B-00C04F79EFBC}") = "BenchPress.Sample", "samples\dotnet\BenchPress.Sample\BenchPress.Sample.csproj", "{89C81EDE-90E0-47CD-93DB-2E5024244D88}"
EndProject
Global
	GlobalSection(SolutionConfigurationPlatforms) = preSolution
		Debug|Any CPU = Debug|Any CPU
		Release|Any CPU = Release|Any CPU
	EndGlobalSection
	GlobalSection(SolutionProperties) = preSolution
		HideSolutionNode = FALSE
	EndGlobalSection
	GlobalSection(ProjectConfigurationPlatforms) = postSolution
		{19C5E14A-FCA3-4335-A25C-D6DA88BE3099}.Debug|Any CPU.ActiveCfg = Debug|Any CPU
		{19C5E14A-FCA3-4335-A25C-D6DA88BE3099}.Debug|Any CPU.Build.0 = Debug|Any CPU
		{19C5E14A-FCA3-4335-A25C-D6DA88BE3099}.Release|Any CPU.ActiveCfg = Release|Any CPU
		{19C5E14A-FCA3-4335-A25C-D6DA88BE3099}.Release|Any CPU.Build.0 = Release|Any CPU
		{AD2CE189-AB17-4B0E-A01A-DE8B14280C6C}.Debug|Any CPU.ActiveCfg = Debug|Any CPU
		{AD2CE189-AB17-4B0E-A01A-DE8B14280C6C}.Debug|Any CPU.Build.0 = Debug|Any CPU
		{AD2CE189-AB17-4B0E-A01A-DE8B14280C6C}.Release|Any CPU.ActiveCfg = Release|Any CPU
		{AD2CE189-AB17-4B0E-A01A-DE8B14280C6C}.Release|Any CPU.Build.0 = Release|Any CPU
		{B7C203B4-865B-4D63-B3D3-8A90990AC13A}.Debug|Any CPU.ActiveCfg = Debug|Any CPU
		{B7C203B4-865B-4D63-B3D3-8A90990AC13A}.Debug|Any CPU.Build.0 = Debug|Any CPU
		{B7C203B4-865B-4D63-B3D3-8A90990AC13A}.Release|Any CPU.ActiveCfg = Release|Any CPU
		{B7C203B4-865B-4D63-B3D3-8A90990AC13A}.Release|Any CPU.Build.0 = Release|Any CPU
		{B1BC5E2E-2694-4E49-908A-F9CBD387DD89}.Debug|Any CPU.ActiveCfg = Debug|Any CPU
		{B1BC5E2E-2694-4E49-908A-F9CBD387DD89}.Debug|Any CPU.Build.0 = Debug|Any CPU
		{B1BC5E2E-2694-4E49-908A-F9CBD387DD89}.Release|Any CPU.ActiveCfg = Release|Any CPU
		{B1BC5E2E-2694-4E49-908A-F9CBD387DD89}.Release|Any CPU.Build.0 = Release|Any CPU
		{89C81EDE-90E0-47CD-93DB-2E5024244D88}.Debug|Any CPU.ActiveCfg = Debug|Any CPU
		{89C81EDE-90E0-47CD-93DB-2E5024244D88}.Debug|Any CPU.Build.0 = Debug|Any CPU
		{89C81EDE-90E0-47CD-93DB-2E5024244D88}.Release|Any CPU.ActiveCfg = Release|Any CPU
		{89C81EDE-90E0-47CD-93DB-2E5024244D88}.Release|Any CPU.Build.0 = Release|Any CPU
	EndGlobalSection
	GlobalSection(NestedProjects) = preSolution
		{19C5E14A-FCA3-4335-A25C-D6DA88BE3099} = {29011A2E-34D3-468C-AA6F-C5AD5597970D}
		{AD2CE189-AB17-4B0E-A01A-DE8B14280C6C} = {29011A2E-34D3-468C-AA6F-C5AD5597970D}
		{8223C874-C45A-4ABE-A340-893ED768661C} = {37AC63C5-5039-4217-8170-80C7AF5831B3}
		{B7C203B4-865B-4D63-B3D3-8A90990AC13A} = {8223C874-C45A-4ABE-A340-893ED768661C}
		{B1BC5E2E-2694-4E49-908A-F9CBD387DD89} = {8223C874-C45A-4ABE-A340-893ED768661C}
		{4596A437-B726-43F7-AAD2-89BE5ECAECFB} = {BEBFA54D-228E-49F8-87F0-27D50FF25743}
		{89C81EDE-90E0-47CD-93DB-2E5024244D88} = {4596A437-B726-43F7-AAD2-89BE5ECAECFB}
	EndGlobalSection
EndGlobal
